
Microsoft Visual Studio Solution File, Format Version 12.00
# Visual Studio Version 17
VisualStudioVersion = 17.0.31903.59
MinimumVisualStudioVersion = 10.0.40219.1
Project("{2150E333-8FDC-42A3-9474-1A3956D46DE8}") = "src", "src", "{1906F8A5-1C6C-4F37-AE75-5A264D9DD976}"
EndProject
Project("{FAE04EC0-301F-11D3-BF4B-00C04F79EFBC}") = "Poseidon.Domain", "src\Poseidon.Domain\Poseidon.Domain.csproj", "{B95A9C05-4B6D-4CAA-937F-79AF3C3FC25A}"
EndProject
Project("{FAE04EC0-301F-11D3-BF4B-00C04F79EFBC}") = "Poseidon.Application", "src\Poseidon.Application\Poseidon.Application.csproj", "{8E4D000B-7808-4E18-AA1A-0B7426617964}"
EndProject
Project("{FAE04EC0-301F-11D3-BF4B-00C04F79EFBC}") = "Poseidon.Ingestion", "src\Poseidon.Ingestion\Poseidon.Ingestion.csproj", "{0EF24C48-1C63-4A18-978E-79AA46F46B9E}"
EndProject
Project("{FAE04EC0-301F-11D3-BF4B-00C04F79EFBC}") = "Poseidon.Retrieval", "src\Poseidon.Retrieval\Poseidon.Retrieval.csproj", "{A2513858-EC82-4D5F-ACE2-AB08EB51DC4F}"
EndProject
Project("{FAE04EC0-301F-11D3-BF4B-00C04F79EFBC}") = "Poseidon.Security", "src\Poseidon.Security\Poseidon.Security.csproj", "{43F02942-A1FF-420D-9886-9E87B1A9FAE4}"
EndProject
Project("{FAE04EC0-301F-11D3-BF4B-00C04F79EFBC}") = "Poseidon.Infrastructure", "src\Poseidon.Infrastructure\Poseidon.Infrastructure.csproj", "{737DCD0F-9135-4BA7-81C3-EF4612F976DB}"
EndProject
Project("{FAE04EC0-301F-11D3-BF4B-00C04F79EFBC}") = "Poseidon.Api", "src\Poseidon.Api\Poseidon.Api.csproj", "{3F325587-90D0-4BF6-8243-C081A1A55866}"
EndProject
Project("{FAE04EC0-301F-11D3-BF4B-00C04F79EFBC}") = "Poseidon.WorkerService", "src\Poseidon.WorkerService\Poseidon.WorkerService.csproj", "{E51CF5E4-049C-4F22-8F45-AA488071E504}"
EndProject
Project("{FAE04EC0-301F-11D3-BF4B-00C04F79EFBC}") = "Poseidon.Desktop", "src\Poseidon.Desktop\Poseidon.Desktop.csproj", "{0EF0C9EB-09FE-4F08-B435-27E773CD2F2D}"
EndProject
Project("{2150E333-8FDC-42A3-9474-1A3956D46DE8}") = "tests", "tests", "{AA8B9EDE-41D2-40C8-B6E4-51A075EF7E1C}"
EndProject
Project("{FAE04EC0-301F-11D3-BF4B-00C04F79EFBC}") = "Poseidon.UnitTests", "tests\Poseidon.UnitTests\Poseidon.UnitTests.csproj", "{D231B609-54CE-44BA-B14B-D86F4022D145}"
EndProject
Project("{FAE04EC0-301F-11D3-BF4B-00C04F79EFBC}") = "Poseidon.IntegrationTests", "tests\Poseidon.IntegrationTests\Poseidon.IntegrationTests.csproj", "{6387C3E4-9360-4357-809C-8A6F69C1D453}"
EndProject
Project("{FAE04EC0-301F-11D3-BF4B-00C04F79EFBC}") = "Poseidon.Management.Api", "src\Poseidon.Management.Api\Poseidon.Management.Api.csproj", "{14D06DA4-C780-4654-9FE2-D22B0FEECE8F}"
EndProject
Project("{FAE04EC0-301F-11D3-BF4B-00C04F79EFBC}") = "Poseidon.ProvisioningCheck", "src\Poseidon.ProvisioningCheck\Poseidon.ProvisioningCheck.csproj", "{B7103470-5031-4FCA-ABB4-1AD24D99C8CA}"
EndProject
Global
	GlobalSection(SolutionConfigurationPlatforms) = preSolution
		Debug|Any CPU = Debug|Any CPU
		Release|Any CPU = Release|Any CPU
	EndGlobalSection
	GlobalSection(SolutionProperties) = preSolution
		HideSolutionNode = FALSE
	EndGlobalSection
	GlobalSection(ProjectConfigurationPlatforms) = postSolution
		{B95A9C05-4B6D-4CAA-937F-79AF3C3FC25A}.Debug|Any CPU.ActiveCfg = Debug|Any CPU
		{B95A9C05-4B6D-4CAA-937F-79AF3C3FC25A}.Debug|Any CPU.Build.0 = Debug|Any CPU
		{B95A9C05-4B6D-4CAA-937F-79AF3C3FC25A}.Release|Any CPU.ActiveCfg = Release|Any CPU
		{B95A9C05-4B6D-4CAA-937F-79AF3C3FC25A}.Release|Any CPU.Build.0 = Release|Any CPU
		{8E4D000B-7808-4E18-AA1A-0B7426617964}.Debug|Any CPU.ActiveCfg = Debug|Any CPU
		{8E4D000B-7808-4E18-AA1A-0B7426617964}.Debug|Any CPU.Build.0 = Debug|Any CPU
		{8E4D000B-7808-4E18-AA1A-0B7426617964}.Release|Any CPU.ActiveCfg = Release|Any CPU
		{8E4D000B-7808-4E18-AA1A-0B7426617964}.Release|Any CPU.Build.0 = Release|Any CPU
		{0EF24C48-1C63-4A18-978E-79AA46F46B9E}.Debug|Any CPU.ActiveCfg = Debug|Any CPU
		{0EF24C48-1C63-4A18-978E-79AA46F46B9E}.Debug|Any CPU.Build.0 = Debug|Any CPU
		{0EF24C48-1C63-4A18-978E-79AA46F46B9E}.Release|Any CPU.ActiveCfg = Release|Any CPU
		{0EF24C48-1C63-4A18-978E-79AA46F46B9E}.Release|Any CPU.Build.0 = Release|Any CPU
		{A2513858-EC82-4D5F-ACE2-AB08EB51DC4F}.Debug|Any CPU.ActiveCfg = Debug|Any CPU
		{A2513858-EC82-4D5F-ACE2-AB08EB51DC4F}.Debug|Any CPU.Build.0 = Debug|Any CPU
		{A2513858-EC82-4D5F-ACE2-AB08EB51DC4F}.Release|Any CPU.ActiveCfg = Release|Any CPU
		{A2513858-EC82-4D5F-ACE2-AB08EB51DC4F}.Release|Any CPU.Build.0 = Release|Any CPU
		{43F02942-A1FF-420D-9886-9E87B1A9FAE4}.Debug|Any CPU.ActiveCfg = Debug|Any CPU
		{43F02942-A1FF-420D-9886-9E87B1A9FAE4}.Debug|Any CPU.Build.0 = Debug|Any CPU
		{43F02942-A1FF-420D-9886-9E87B1A9FAE4}.Release|Any CPU.ActiveCfg = Release|Any CPU
		{43F02942-A1FF-420D-9886-9E87B1A9FAE4}.Release|Any CPU.Build.0 = Release|Any CPU
		{737DCD0F-9135-4BA7-81C3-EF4612F976DB}.Debug|Any CPU.ActiveCfg = Debug|Any CPU
		{737DCD0F-9135-4BA7-81C3-EF4612F976DB}.Debug|Any CPU.Build.0 = Debug|Any CPU
		{737DCD0F-9135-4BA7-81C3-EF4612F976DB}.Release|Any CPU.ActiveCfg = Release|Any CPU
		{737DCD0F-9135-4BA7-81C3-EF4612F976DB}.Release|Any CPU.Build.0 = Release|Any CPU
		{3F325587-90D0-4BF6-8243-C081A1A55866}.Debug|Any CPU.ActiveCfg = Debug|Any CPU
		{3F325587-90D0-4BF6-8243-C081A1A55866}.Debug|Any CPU.Build.0 = Debug|Any CPU
		{3F325587-90D0-4BF6-8243-C081A1A55866}.Release|Any CPU.ActiveCfg = Release|Any CPU
		{3F325587-90D0-4BF6-8243-C081A1A55866}.Release|Any CPU.Build.0 = Release|Any CPU
		{E51CF5E4-049C-4F22-8F45-AA488071E504}.Debug|Any CPU.ActiveCfg = Debug|Any CPU
		{E51CF5E4-049C-4F22-8F45-AA488071E504}.Debug|Any CPU.Build.0 = Debug|Any CPU
		{E51CF5E4-049C-4F22-8F45-AA488071E504}.Release|Any CPU.ActiveCfg = Release|Any CPU
		{E51CF5E4-049C-4F22-8F45-AA488071E504}.Release|Any CPU.Build.0 = Release|Any CPU
		{0EF0C9EB-09FE-4F08-B435-27E773CD2F2D}.Debug|Any CPU.ActiveCfg = Debug|Any CPU
		{0EF0C9EB-09FE-4F08-B435-27E773CD2F2D}.Debug|Any CPU.Build.0 = Debug|Any CPU
		{0EF0C9EB-09FE-4F08-B435-27E773CD2F2D}.Release|Any CPU.ActiveCfg = Release|Any CPU
		{0EF0C9EB-09FE-4F08-B435-27E773CD2F2D}.Release|Any CPU.Build.0 = Release|Any CPU
		{D231B609-54CE-44BA-B14B-D86F4022D145}.Debug|Any CPU.ActiveCfg = Debug|Any CPU
		{D231B609-54CE-44BA-B14B-D86F4022D145}.Debug|Any CPU.Build.0 = Debug|Any CPU
		{D231B609-54CE-44BA-B14B-D86F4022D145}.Release|Any CPU.ActiveCfg = Release|Any CPU
		{D231B609-54CE-44BA-B14B-D86F4022D145}.Release|Any CPU.Build.0 = Release|Any CPU
		{6387C3E4-9360-4357-809C-8A6F69C1D453}.Debug|Any CPU.ActiveCfg = Debug|Any CPU
		{6387C3E4-9360-4357-809C-8A6F69C1D453}.Debug|Any CPU.Build.0 = Debug|Any CPU
		{6387C3E4-9360-4357-809C-8A6F69C1D453}.Release|Any CPU.ActiveCfg = Release|Any CPU
		{6387C3E4-9360-4357-809C-8A6F69C1D453}.Release|Any CPU.Build.0 = Release|Any CPU
		{14D06DA4-C780-4654-9FE2-D22B0FEECE8F}.Debug|Any CPU.ActiveCfg = Debug|Any CPU
		{14D06DA4-C780-4654-9FE2-D22B0FEECE8F}.Debug|Any CPU.Build.0 = Debug|Any CPU
		{14D06DA4-C780-4654-9FE2-D22B0FEECE8F}.Release|Any CPU.ActiveCfg = Release|Any CPU
		{14D06DA4-C780-4654-9FE2-D22B0FEECE8F}.Release|Any CPU.Build.0 = Release|Any CPU
		{B7103470-5031-4FCA-ABB4-1AD24D99C8CA}.Debug|Any CPU.ActiveCfg = Debug|Any CPU
		{B7103470-5031-4FCA-ABB4-1AD24D99C8CA}.Debug|Any CPU.Build.0 = Debug|Any CPU
		{B7103470-5031-4FCA-ABB4-1AD24D99C8CA}.Release|Any CPU.ActiveCfg = Release|Any CPU
		{B7103470-5031-4FCA-ABB4-1AD24D99C8CA}.Release|Any CPU.Build.0 = Release|Any CPU
	EndGlobalSection
	GlobalSection(NestedProjects) = preSolution
		{B95A9C05-4B6D-4CAA-937F-79AF3C3FC25A} = {1906F8A5-1C6C-4F37-AE75-5A264D9DD976}
		{8E4D000B-7808-4E18-AA1A-0B7426617964} = {1906F8A5-1C6C-4F37-AE75-5A264D9DD976}
		{0EF24C48-1C63-4A18-978E-79AA46F46B9E} = {1906F8A5-1C6C-4F37-AE75-5A264D9DD976}
		{A2513858-EC82-4D5F-ACE2-AB08EB51DC4F} = {1906F8A5-1C6C-4F37-AE75-5A264D9DD976}
		{43F02942-A1FF-420D-9886-9E87B1A9FAE4} = {1906F8A5-1C6C-4F37-AE75-5A264D9DD976}
		{737DCD0F-9135-4BA7-81C3-EF4612F976DB} = {1906F8A5-1C6C-4F37-AE75-5A264D9DD976}
		{3F325587-90D0-4BF6-8243-C081A1A55866} = {1906F8A5-1C6C-4F37-AE75-5A264D9DD976}
		{E51CF5E4-049C-4F22-8F45-AA488071E504} = {1906F8A5-1C6C-4F37-AE75-5A264D9DD976}
		{0EF0C9EB-09FE-4F08-B435-27E773CD2F2D} = {1906F8A5-1C6C-4F37-AE75-5A264D9DD976}
		{D231B609-54CE-44BA-B14B-D86F4022D145} = {AA8B9EDE-41D2-40C8-B6E4-51A075EF7E1C}
		{6387C3E4-9360-4357-809C-8A6F69C1D453} = {AA8B9EDE-41D2-40C8-B6E4-51A075EF7E1C}
		{14D06DA4-C780-4654-9FE2-D22B0FEECE8F} = {1906F8A5-1C6C-4F37-AE75-5A264D9DD976}
		{B7103470-5031-4FCA-ABB4-1AD24D99C8CA} = {1906F8A5-1C6C-4F37-AE75-5A264D9DD976}
	EndGlobalSection
EndGlobal
