{
  "version": 1,
  "dependencies": {
    "net8.0": {
      "Microsoft.Extensions.Logging.Abstractions": {
        "type": "Direct",
        "requested": "[10.0.3, )",
        "resolved": "10.0.3",
        "contentHash": "lxl0WLk7ROgBFAsjcOYjQ8/DVK+VMszxGBzUhgtQmAsTNldLL5pk9NG/cWTsXHq0lUhUEAtZkEE7jOGOA8bGKQ==",
        "dependencies": {
          "Microsoft.Extensions.DependencyInjection.Abstractions": "10.0.3",
          "System.Diagnostics.DiagnosticSource": "10.0.3"
        }
      },
      "Microsoft.ML.OnnxRuntime": {
        "type": "Direct",
        "requested": "[1.24.3, )",
        "resolved": "1.24.3",
        "contentHash": "ws4qKjGTa7ihH5u3083kehnIBCkQ9hcbHQrp0l+pwlTvRhQZltSs3PFxxS8nKRakIQKVcYyzAupVHUjYH0yvIg==",
        "dependencies": {
          "Microsoft.ML.OnnxRuntime.Managed": "1.24.3"
        }
      },
      "System.Text.Json": {
        "type": "Direct",
        "requested": "[10.0.3, )",
        "resolved": "10.0.3",
        "contentHash": "NTUt9DL+maqbgrIYCAmeZUbX0NoXaueySyjW/bdOlFdSUDC1l51XnsbVEuj5tuad12vdq5Sviskp9uMVGgCNLw==",
        "dependencies": {
          "System.IO.Pipelines": "10.0.3",
          "System.Text.Encodings.Web": "10.0.3"
        }
      },
      "UglyToad.PdfPig": {
        "type": "Direct",
        "requested": "[1.7.0-custom-5, )",
        "resolved": "1.7.0-custom-5",
        "contentHash": "mddnoBg+XV5YZJg+lp/LlXQ9NY9/oV/MoNjLbbLHw0uTymfyuinVePQB4ff/ELRv3s6n0G7h8q3Ycb3KYg+hgQ==",
        "dependencies": {
          "UglyToad.PdfPig.Core": "1.7.0-custom-5",
          "UglyToad.PdfPig.Fonts": "1.7.0-custom-5",
          "UglyToad.PdfPig.Tokenization": "1.7.0-custom-5",
          "UglyToad.PdfPig.Tokens": "1.7.0-custom-5"
        }
      },
      "MediatR": {
        "type": "Transitive",
        "resolved": "14.1.0",
        "contentHash": "pdxza1pLqAk+06LV3THzNJrw5K5Ah6EC17TEkoC90gsAxwtXDJAQrGuDSDinHGgxWKWEn5ebqTNN3k1bLJOb0g==",
        "dependencies": {
          "MediatR.Contracts": "[2.0.1, 3.0.0)",
          "Microsoft.Extensions.DependencyInjection.Abstractions": "10.0.0",
          "Microsoft.Extensions.Logging.Abstractions": "10.0.0",
          "Microsoft.IdentityModel.JsonWebTokens": "8.14.0"
        }
      },
      "MediatR.Contracts": {
        "type": "Transitive",
        "resolved": "2.0.1",
        "contentHash": "FYv95bNT4UwcNA+G/J1oX5OpRiSUxteXaUt2BJbRSdRNiIUNbggJF69wy6mnk2wYToaanpdXZdCwVylt96MpwQ=="
      },
      "Microsoft.Extensions.DependencyInjection.Abstractions": {
        "type": "Transitive",
        "resolved": "10.0.3",
        "contentHash": "bwGMrRcAMWx2s/RDgja97p27rxSz2pEQW0+rX5cWAUWVETVJ/eyxGfjAl8vuG5a+lckWmPIE+vcuaZNVB5YDdw=="
      },
      "Microsoft.IdentityModel.Abstractions": {
        "type": "Transitive",
        "resolved": "8.14.0",
        "contentHash": "iwbCpSjD3ehfTwBhtSNEtKPK0ICun6ov7Ibx6ISNA9bfwIyzI2Siwyi9eJFCJBwxowK9xcA1mj+jBWiigeqgcQ=="
      },
      "Microsoft.IdentityModel.JsonWebTokens": {
        "type": "Transitive",
        "resolved": "8.14.0",
        "contentHash": "4jOpiA4THdtpLyMdAb24dtj7+6GmvhOhxf5XHLYWmPKF8ApEnApal1UnJsKO4HxUWRXDA6C4WQVfYyqsRhpNpQ==",
        "dependencies": {
          "Microsoft.IdentityModel.Tokens": "8.14.0"
        }
      },
      "Microsoft.IdentityModel.Logging": {
        "type": "Transitive",
        "resolved": "8.14.0",
        "contentHash": "eqqnemdW38CKZEHS6diA50BV94QICozDZEvSrsvN3SJXUFwVB9gy+/oz76gldP7nZliA16IglXjXTCTdmU/Ejg==",
        "dependencies": {
          "Microsoft.IdentityModel.Abstractions": "8.14.0"
        }
      },
      "Microsoft.IdentityModel.Tokens": {
        "type": "Transitive",
        "resolved": "8.14.0",
        "contentHash": "lKIZiBiGd36k02TCdMHp1KlNWisyIvQxcYJvIkz7P4gSQ9zi8dgh6S5Grj8NNG7HWYIPfQymGyoZ6JB5d1Lo1g==",
        "dependencies": {
          "Microsoft.Extensions.Logging.Abstractions": "8.0.0",
          "Microsoft.IdentityModel.Logging": "8.14.0"
        }
      },
      "Microsoft.ML.OnnxRuntime.Managed": {
        "type": "Transitive",
        "resolved": "1.24.3",
        "contentHash": "XWyszzywN+uuMEEPzrTYLSKM2TJKOGHsjcq0ZY+AeaqJpPB7xi0OikxXhXTc7fcOJ8K0oqvD0dk86fROm3TaRA==",
        "dependencies": {
          "System.Memory": "4.5.5",
          "System.Numerics.Tensors": "9.0.0"
        }
      },
      "System.Diagnostics.DiagnosticSource": {
        "type": "Transitive",
        "resolved": "10.0.3",
        "contentHash": "IuZXyF3K5X+mCsBKIQ87Cn/V4Nyb39vyCbzfH/AkoneSWNV/ExGQ/I0m4CEaVAeFh9fW6kp2NVObkmevd1Ys7A=="
      },
      "System.IO.Pipelines": {
        "type": "Transitive",
        "resolved": "10.0.3",
        "contentHash": "WMxiA2jGdHnRBmoVK55YUq5VPaxW0Sg2frPtXV+urUMvpqHIga6lleV/YuryHIuGsAKVjQAjv6PrQ6IJpoLohQ=="
      },
      "System.Memory": {
        "type": "Transitive",
        "resolved": "4.5.5",
        "contentHash": "XIWiDvKPXaTveaB7HVganDlOCRoj03l+jrwNvcge/t8vhGYKvqV+dMv6G4SAX2NoNmN0wZfVPTAlFwZcZvVOUw=="
      },
      "System.Numerics.Tensors": {
        "type": "Transitive",
        "resolved": "9.0.0",
        "contentHash": "hyJB4UlpAi19Xr9AXzu2NuagKC4lPfHObNMEAA0HmqFz2rX7wKgzeYzO/jM/eBHDhnUGFFEjk5cOoJaxqg5J4A=="
      },
      "System.Text.Encodings.Web": {
        "type": "Transitive",
        "resolved": "10.0.3",
        "contentHash": "l8QNBPp92bVzl9Kw8nNtm1uYRNNhUrdulZjM4a8YK/QGNa8z9utKsC0bDoPB+Vq8LOlbD3fIyGlabtz80jT7cw=="
      },
      "UglyToad.PdfPig.Core": {
        "type": "Transitive",
        "resolved": "1.7.0-custom-5",
        "contentHash": "bChQUAYApM6/vgBis0+fBTZyAVqjXdqshjZDCgI3dgwUplfLJxXRrnkCOdNj0a6JNcF32R4aLpnGpTc9QmmVmg=="
      },
      "UglyToad.PdfPig.Fonts": {
        "type": "Transitive",
        "resolved": "1.7.0-custom-5",
        "contentHash": "Z6SBBAIL8wRkJNhXGYaz0CrHnNrNeuNtmwRbBtQUA1b3TDhRQppOmHCIuhjb6Vu/Rirp6FIOtzAU1lXsGik90w==",
        "dependencies": {
          "UglyToad.PdfPig.Core": "1.7.0-custom-5",
          "UglyToad.PdfPig.Tokenization": "1.7.0-custom-5",
          "UglyToad.PdfPig.Tokens": "1.7.0-custom-5"
        }
      },
      "UglyToad.PdfPig.Tokenization": {
        "type": "Transitive",
        "resolved": "1.7.0-custom-5",
        "contentHash": "U8VVH7VJjv6czP7qWyzDq6CRaiJQe7/sESUCL8H3kiEa3zi0l9TonIKlD/YidQ5DlgTumracii6zjLyKPEFKwA==",
        "dependencies": {
          "UglyToad.PdfPig.Core": "1.7.0-custom-5",
          "UglyToad.PdfPig.Tokens": "1.7.0-custom-5"
        }
      },
      "UglyToad.PdfPig.Tokens": {
        "type": "Transitive",
        "resolved": "1.7.0-custom-5",
        "contentHash": "m/j5RVfL4eF/OwX6ASprzK+yzD3l7xdgQ7zQPgENhjxfuXD+hj6FSeZlmxSTt9ywvWcTCjGKAILl9XTK9iQgCQ==",
        "dependencies": {
          "UglyToad.PdfPig.Core": "1.7.0-custom-5"
        }
      },
      "poseidon.application": {
        "type": "Project",
        "dependencies": {
          "MediatR": "[14.1.0, )",
          "Microsoft.Extensions.Logging.Abstractions": "[10.0.3, )",
          "Poseidon.Domain": "[1.0.0, )"
        }
      },
      "poseidon.domain": {
        "type": "Project"
      }
    }
  }
}