{
  "version": 1,
  "dependencies": {
    "net8.0": {
      "Microsoft.Extensions.Configuration.Json": {
        "type": "Direct",
        "requested": "[10.0.3, )",
        "resolved": "10.0.3",
        "contentHash": "mGGMOA9nkET8OVsQfS41o66eWkckBzNHJK6+5VbLQ2YdyqKphcv27uDZxLf4exSl+5QxLnHkN+W/4qEDgyvCPA==",
        "dependencies": {
          "Microsoft.Extensions.Configuration": "10.0.3",
          "Microsoft.Extensions.Configuration.Abstractions": "10.0.3",
          "Microsoft.Extensions.Configuration.FileExtensions": "10.0.3",
          "Microsoft.Extensions.FileProviders.Abstractions": "10.0.3",
          "System.Text.Json": "10.0.3"
        }
      },
      "Konscious.Security.Cryptography.Argon2": {
        "type": "Transitive",
        "resolved": "1.3.1",
        "contentHash": "T+OAGwzYYXftahpOxO7J4xA5K6urxwGnWQf3M+Jpi+76Azv/0T3M5SuN+h7/QvXuiqNw3ZEZ5QqVLI5ygDAylw==",
        "dependencies": {
          "Konscious.Security.Cryptography.Blake2": "1.1.1",
          "System.Memory": "4.5.4"
        }
      },
      "Konscious.Security.Cryptography.Blake2": {
        "type": "Transitive",
        "resolved": "1.1.1",
        "contentHash": "odwOyzj/J/lHJZNwFWJGU/LRecBShupAJ2S8TQqZfhUe9niHzu/voBYK5wuVKsvSpzbfupKQYZguVyIk1sgOkQ=="
      },
      "Microsoft.Extensions.Configuration": {
        "type": "Transitive",
        "resolved": "10.0.3",
        "contentHash": "H1Cjv2xmm7O3iAGmFTcnSM0ZhLQ/7SqefmAvSJoT1PbXoxeYc2fo0mCLn2JlVbr9E6YpoU9q/o0fI9neDJB0xQ==",
        "dependencies": {
          "Microsoft.Extensions.Configuration.Abstractions": "10.0.3",
          "Microsoft.Extensions.Primitives": "10.0.3"
        }
      },
      "Microsoft.Extensions.Configuration.Abstractions": {
        "type": "Transitive",
        "resolved": "10.0.3",
        "contentHash": "xVDHL0+SIgemfh95fTO9cGLe17TWv/ZP0n7m01z8X6pzt2DmQpucioWR/mYZA1sRlkWnkXzfl0JweLNWmE9WMg==",
        "dependencies": {
          "Microsoft.Extensions.Primitives": "10.0.3"
        }
      },
      "Microsoft.Extensions.Configuration.Binder": {
        "type": "Transitive",
        "resolved": "10.0.3",
        "contentHash": "759UhpKaR5Jsll9kXpkft4z/7tpeF7Dw2rTY/9f9JchaSQTpRFNIPkZFZvoo7fFpbjUaqtDlO5aiGpmQrp/EUA==",
        "dependencies": {
          "Microsoft.Extensions.Configuration": "10.0.3",
          "Microsoft.Extensions.Configuration.Abstractions": "10.0.3"
        }
      },
      "Microsoft.Extensions.Configuration.FileExtensions": {
        "type": "Transitive",
        "resolved": "10.0.3",
        "contentHash": "/MLsBbLpwDxsU+7DDNwasf2mKrpMSOWEL377gNZTy5waFkCYvS3GVaLIz6bvikH4rAwHrCOxHw0t/5iCoImYCA==",
        "dependencies": {
          "Microsoft.Extensions.Configuration": "10.0.3",
          "Microsoft.Extensions.Configuration.Abstractions": "10.0.3",
          "Microsoft.Extensions.FileProviders.Abstractions": "10.0.3",
          "Microsoft.Extensions.FileProviders.Physical": "10.0.3",
          "Microsoft.Extensions.Primitives": "10.0.3"
        }
      },
      "Microsoft.Extensions.DependencyInjection.Abstractions": {
        "type": "Transitive",
        "resolved": "10.0.3",
        "contentHash": "bwGMrRcAMWx2s/RDgja97p27rxSz2pEQW0+rX5cWAUWVETVJ/eyxGfjAl8vuG5a+lckWmPIE+vcuaZNVB5YDdw=="
      },
      "Microsoft.Extensions.FileProviders.Abstractions": {
        "type": "Transitive",
        "resolved": "10.0.3",
        "contentHash": "4TD9AXDRsipTmaemwnjt/DM5Ri0de2JzHQhvZ4woBTjUtL4XrPNsMrOk5oiLJAx1gTrE6pOIhxv+lEde5F6CZA==",
        "dependencies": {
          "Microsoft.Extensions.Primitives": "10.0.3"
        }
      },
      "Microsoft.Extensions.FileProviders.Physical": {
        "type": "Transitive",
        "resolved": "10.0.3",
        "contentHash": "8qLl5LXtcj6Z8yPbHAA/a57fvvl9nUCdi59AJFuixcWM4wSuENZ8jjoRATOKs/I4vOi/bDe0d5LqGSSLE634eA==",
        "dependencies": {
          "Microsoft.Extensions.FileProviders.Abstractions": "10.0.3",
          "Microsoft.Extensions.FileSystemGlobbing": "10.0.3",
          "Microsoft.Extensions.Primitives": "10.0.3"
        }
      },
      "Microsoft.Extensions.FileSystemGlobbing": {
        "type": "Transitive",
        "resolved": "10.0.3",
        "contentHash": "oM7pl8uJz8WRPRlh4AGQS61aeV9GOfTu89yqTiRSYyyMuCNVkbNra9zEk7ApyJ/sZrUpbjOZCRHuitCEsTWghg=="
      },
      "Microsoft.Extensions.Logging.Abstractions": {
        "type": "Transitive",
        "resolved": "10.0.3",
        "contentHash": "lxl0WLk7ROgBFAsjcOYjQ8/DVK+VMszxGBzUhgtQmAsTNldLL5pk9NG/cWTsXHq0lUhUEAtZkEE7jOGOA8bGKQ==",
        "dependencies": {
          "Microsoft.Extensions.DependencyInjection.Abstractions": "10.0.3",
          "System.Diagnostics.DiagnosticSource": "10.0.3"
        }
      },
      "Microsoft.Extensions.Primitives": {
        "type": "Transitive",
        "resolved": "10.0.3",
        "contentHash": "GEcpTwo7sUoLGGNTqV1FZEuL+tTD9m81NX/mh099dqGNna07/UGZShKQNZRw4hv6nlliSUwYQgSYc7OR99Jufg=="
      },
      "System.Diagnostics.DiagnosticSource": {
        "type": "Transitive",
        "resolved": "10.0.3",
        "contentHash": "IuZXyF3K5X+mCsBKIQ87Cn/V4Nyb39vyCbzfH/AkoneSWNV/ExGQ/I0m4CEaVAeFh9fW6kp2NVObkmevd1Ys7A=="
      },
      "System.IO.Pipelines": {
        "type": "Transitive",
        "resolved": "10.0.3",
        "contentHash": "WMxiA2jGdHnRBmoVK55YUq5VPaxW0Sg2frPtXV+urUMvpqHIga6lleV/YuryHIuGsAKVjQAjv6PrQ6IJpoLohQ=="
      },
      "System.Memory": {
        "type": "Transitive",
        "resolved": "4.5.4",
        "contentHash": "1MbJTHS1lZ4bS4FmsJjnuGJOu88ZzTT2rLvrhW7Ygic+pC0NWA+3hgAen0HRdsocuQXCkUTdFn9yHJJhsijDXw=="
      },
      "System.Security.Cryptography.ProtectedData": {
        "type": "Transitive",
        "resolved": "10.0.3",
        "contentHash": "JCKbH/CN5l0CSoJBILEvJmNQVp5vV+FY3q2ue4K9p4eDT4mFEv0bjTQCV+MD6Qk1b/qk9fWmZZKhG1TklbXw1Q=="
      },
      "System.Text.Encodings.Web": {
        "type": "Transitive",
        "resolved": "10.0.3",
        "contentHash": "l8QNBPp92bVzl9Kw8nNtm1uYRNNhUrdulZjM4a8YK/QGNa8z9utKsC0bDoPB+Vq8LOlbD3fIyGlabtz80jT7cw=="
      },
      "System.Text.Json": {
        "type": "Transitive",
        "resolved": "10.0.3",
        "contentHash": "NTUt9DL+maqbgrIYCAmeZUbX0NoXaueySyjW/bdOlFdSUDC1l51XnsbVEuj5tuad12vdq5Sviskp9uMVGgCNLw==",
        "dependencies": {
          "System.IO.Pipelines": "10.0.3",
          "System.Text.Encodings.Web": "10.0.3"
        }
      },
      "poseidon.domain": {
        "type": "Project"
      },
      "poseidon.modelcertification": {
        "type": "Project"
      },
      "poseidon.security": {
        "type": "Project",
        "dependencies": {
          "Konscious.Security.Cryptography.Argon2": "[1.3.1, )",
          "Microsoft.Extensions.Configuration.Abstractions": "[10.0.3, )",
          "Microsoft.Extensions.Configuration.Binder": "[10.0.3, )",
          "Microsoft.Extensions.Logging.Abstractions": "[10.0.3, )",
          "Poseidon.Domain": "[1.0.0, )",
          "System.Security.Cryptography.ProtectedData": "[10.0.3, )",
          "System.Text.Json": "[10.0.3, )"
        }
      }
    }
  }
}